
Microsoft Visual Studio Solution File, Format Version 12.00
# Visual Studio Version 17
VisualStudioVersion = 17.3.32929.385
MinimumVisualStudioVersion = 10.0.40219.1
Project("{8BC9CEB8-8B4A-11D0-8D11-00A0C91BC942}") = "Zap", "Zap\Zap.vcxproj", "{0325E152-9AE0-4678-9B14-8459F64D05E6}"
EndProject
Project("{8BC9CEB8-8B4A-11D0-8D11-00A0C91BC942}") = "Game", "Game\Game.vcxproj", "{5122D943-E34C-4C20-89B6-C884E343BCEA}"
EndProject
Global
	GlobalSection(SolutionConfigurationPlatforms) = preSolution
		Debug|x64 = Debug|x64
		Release|x64 = Release|x64
	EndGlobalSection
	GlobalSection(ProjectConfigurationPlatforms) = postSolution
		{0325E152-9AE0-4678-9B14-8459F64D05E6}.Debug|x64.ActiveCfg = Debug|x64
		{0325E152-9AE0-4678-9B14-8459F64D05E6}.Debug|x64.Build.0 = Debug|x64
		{0325E152-9AE0-4678-9B14-8459F64D05E6}.Release|x64.ActiveCfg = Release|x64
		{0325E152-9AE0-4678-9B14-8459F64D05E6}.Release|x64.Build.0 = Release|x64
		{5122D943-E34C-4C20-89B6-C884E343BCEA}.Debug|x64.ActiveCfg = Debug|x64
		{5122D943-E34C-4C20-89B6-C884E343BCEA}.Debug|x64.Build.0 = Debug|x64
		{5122D943-E34C-4C20-89B6-C884E343BCEA}.Release|x64.ActiveCfg = Release|x64
		{5122D943-E34C-4C20-89B6-C884E343BCEA}.Release|x64.Build.0 = Release|x64
	EndGlobalSection
	GlobalSection(SolutionProperties) = preSolution
		HideSolutionNode = FALSE
	EndGlobalSection
	GlobalSection(ExtensibilityGlobals) = postSolution
		SolutionGuid = {7215C51E-3368-4A0D-B763-FAE24960CB05}
	EndGlobalSection
EndGlobal
